<?xml version="1.0"?>
<CONFIG>
  <ProjectOptions>
    <Version Value="9"/>
    <PathDelim Value="\"/>
    <General>
      <MainUnit Value="0"/>
      <Title Value="JT65HF2"/>
      <UseAppBundle Value="False"/>
      <ResourceType Value="res"/>
      <ActiveWindowIndexAtStart Value="0"/>
    </General>
    <i18n>
      <EnableI18N LFM="False"/>
    </i18n>
    <VersionInfo>
      <StringTable ProductVersion=""/>
    </VersionInfo>
    <BuildModes Count="1" Active="Default">
      <Item1 Name="Default" Default="True"/>
    </BuildModes>
    <PublishOptions>
      <Version Value="2"/>
      <IncludeFileFilter Value="*.(pas|pp|inc|lfm|lpr|lrs|lpi|lpk|sh|xml)"/>
      <ExcludeFileFilter Value="*.(bak|ppu|o|so);*~;backup"/>
    </PublishOptions>
    <RunParams>
      <local>
        <FormatVersion Value="1"/>
      </local>
    </RunParams>
    <RequiredPackages Count="4">
      <Item1>
        <PackageName Value="FCL"/>
        <MinVersion Major="1" Valid="True"/>
      </Item1>
      <Item2>
        <PackageName Value="SQLDBLaz"/>
        <MinVersion Major="1" Release="1" Valid="True"/>
      </Item2>
      <Item3>
        <PackageName Value="TAChartLazarusPkg"/>
        <MinVersion Major="1" Valid="True"/>
      </Item3>
      <Item4>
        <PackageName Value="LCL"/>
      </Item4>
    </RequiredPackages>
    <Units Count="14">
      <Unit0>
        <Filename Value="project1.lpr"/>
        <IsPartOfProject Value="True"/>
        <UnitName Value="project1"/>
        <EditorIndex Value="11"/>
        <WindowIndex Value="0"/>
        <TopLine Value="1"/>
        <CursorPos X="1" Y="17"/>
        <UsageCount Value="200"/>
        <Loaded Value="True"/>
      </Unit0>
      <Unit1>
        <Filename Value="unit1.pas"/>
        <IsPartOfProject Value="True"/>
        <ComponentName Value="Form1"/>
        <HasResources Value="True"/>
        <ResourceBaseClass Value="Form"/>
        <UnitName Value="Unit1"/>
        <IsVisibleTab Value="True"/>
        <EditorIndex Value="0"/>
        <WindowIndex Value="0"/>
        <TopLine Value="7469"/>
        <CursorPos X="1" Y="7487"/>
        <UsageCount Value="200"/>
        <Bookmarks Count="8">
          <Item0 X="1" Y="4266" ID="6"/>
          <Item1 X="1" Y="327" ID="8"/>
          <Item2 X="1" Y="3393" ID="4"/>
          <Item3 X="1" Y="3587" ID="5"/>
          <Item4 X="11" Y="4716" ID="3"/>
          <Item5 X="1" Y="1697" ID="2"/>
          <Item6 X="1" Y="1124" ID="1"/>
          <Item7 X="1" Y="5280" ID="0"/>
        </Bookmarks>
        <Loaded Value="True"/>
        <LoadedDesigner Value="True"/>
      </Unit1>
      <Unit2>
        <Filename Value="adc.pas"/>
        <IsPartOfProject Value="True"/>
        <UnitName Value="adc"/>
        <EditorIndex Value="9"/>
        <WindowIndex Value="0"/>
        <TopLine Value="1"/>
        <CursorPos X="28" Y="17"/>
        <UsageCount Value="200"/>
        <Loaded Value="True"/>
      </Unit2>
      <Unit3>
        <Filename Value="dac.pas"/>
        <IsPartOfProject Value="True"/>
        <UnitName Value="dac"/>
        <WindowIndex Value="0"/>
        <TopLine Value="1"/>
        <CursorPos X="1" Y="1"/>
        <UsageCount Value="200"/>
      </Unit3>
      <Unit4>
        <Filename Value="portaudio.pas"/>
        <IsPartOfProject Value="True"/>
        <UnitName Value="portaudio"/>
        <EditorIndex Value="8"/>
        <WindowIndex Value="0"/>
        <TopLine Value="40"/>
        <CursorPos X="1" Y="55"/>
        <UsageCount Value="200"/>
        <Loaded Value="True"/>
      </Unit4>
      <Unit5>
        <Filename Value="globaldata.pas"/>
        <IsPartOfProject Value="True"/>
        <UnitName Value="globalData"/>
        <EditorIndex Value="10"/>
        <WindowIndex Value="0"/>
        <TopLine Value="1"/>
        <CursorPos X="1" Y="1"/>
        <UsageCount Value="200"/>
        <Loaded Value="True"/>
      </Unit5>
      <Unit6>
        <Filename Value="waterfall.pas"/>
        <UnitName Value="waterfall1"/>
        <WindowIndex Value="0"/>
        <TopLine Value="1"/>
        <CursorPos X="31" Y="49"/>
        <UsageCount Value="67"/>
      </Unit6>
      <Unit7>
        <Filename Value="spectrum.pas"/>
        <IsPartOfProject Value="True"/>
        <UnitName Value="spectrum"/>
        <EditorIndex Value="7"/>
        <WindowIndex Value="0"/>
        <TopLine Value="1"/>
        <CursorPos X="1" Y="1"/>
        <UsageCount Value="200"/>
        <Bookmarks Count="1">
          <Item0 X="19" Y="399" ID="9"/>
        </Bookmarks>
        <Loaded Value="True"/>
      </Unit7>
      <Unit8>
        <Filename Value="cmaps.pas"/>
        <IsPartOfProject Value="True"/>
        <UnitName Value="cmaps"/>
        <EditorIndex Value="6"/>
        <WindowIndex Value="0"/>
        <TopLine Value="1"/>
        <CursorPos X="1" Y="3"/>
        <UsageCount Value="200"/>
        <Loaded Value="True"/>
      </Unit8>
      <Unit9>
        <Filename Value="fftw_jl.pas"/>
        <IsPartOfProject Value="True"/>
        <UnitName Value="fftw_jl"/>
        <EditorIndex Value="5"/>
        <WindowIndex Value="0"/>
        <TopLine Value="96"/>
        <CursorPos X="32" Y="125"/>
        <UsageCount Value="200"/>
        <Loaded Value="True"/>
      </Unit9>
      <Unit10>
        <Filename Value="spot.pas"/>
        <IsPartOfProject Value="True"/>
        <UnitName Value="spot"/>
        <EditorIndex Value="4"/>
        <WindowIndex Value="0"/>
        <TopLine Value="657"/>
        <CursorPos X="1" Y="737"/>
        <UsageCount Value="201"/>
        <Loaded Value="True"/>
      </Unit10>
      <Unit11>
        <Filename Value="demodulate.pas"/>
        <IsPartOfProject Value="True"/>
        <UnitName Value="demodulate"/>
        <EditorIndex Value="3"/>
        <WindowIndex Value="0"/>
        <TopLine Value="528"/>
        <CursorPos X="1" Y="540"/>
        <UsageCount Value="252"/>
        <Loaded Value="True"/>
      </Unit11>
      <Unit12>
        <Filename Value="valobject.pas"/>
        <IsPartOfProject Value="True"/>
        <UnitName Value="valobject"/>
        <EditorIndex Value="2"/>
        <WindowIndex Value="0"/>
        <TopLine Value="534"/>
        <CursorPos X="1" Y="554"/>
        <UsageCount Value="201"/>
        <Loaded Value="True"/>
      </Unit12>
      <Unit13>
        <Filename Value="waterfall1.pas"/>
        <IsPartOfProject Value="True"/>
        <UnitName Value="waterfall1"/>
        <EditorIndex Value="1"/>
        <WindowIndex Value="0"/>
        <TopLine Value="7"/>
        <CursorPos X="1" Y="2"/>
        <UsageCount Value="201"/>
        <Loaded Value="True"/>
      </Unit13>
    </Units>
    <JumpHistory Count="30" HistoryIndex="29">
      <Position1>
        <Filename Value="unit1.pas"/>
        <Caret Line="3932" Column="41" TopLine="3902"/>
      </Position1>
      <Position2>
        <Filename Value="unit1.pas"/>
        <Caret Line="3933" Column="41" TopLine="3903"/>
      </Position2>
      <Position3>
        <Filename Value="unit1.pas"/>
        <Caret Line="3934" Column="41" TopLine="3904"/>
      </Position3>
      <Position4>
        <Filename Value="unit1.pas"/>
        <Caret Line="3935" Column="41" TopLine="3905"/>
      </Position4>
      <Position5>
        <Filename Value="unit1.pas"/>
        <Caret Line="3936" Column="41" TopLine="3906"/>
      </Position5>
      <Position6>
        <Filename Value="unit1.pas"/>
        <Caret Line="3937" Column="41" TopLine="3907"/>
      </Position6>
      <Position7>
        <Filename Value="unit1.pas"/>
        <Caret Line="3941" Column="144" TopLine="3911"/>
      </Position7>
      <Position8>
        <Filename Value="unit1.pas"/>
        <Caret Line="3953" Column="58" TopLine="3923"/>
      </Position8>
      <Position9>
        <Filename Value="unit1.pas"/>
        <Caret Line="4455" Column="26" TopLine="4444"/>
      </Position9>
      <Position10>
        <Filename Value="unit1.pas"/>
        <Caret Line="4474" Column="109" TopLine="4444"/>
      </Position10>
      <Position11>
        <Filename Value="unit1.pas"/>
        <Caret Line="4479" Column="109" TopLine="4449"/>
      </Position11>
      <Position12>
        <Filename Value="unit1.pas"/>
        <Caret Line="4484" Column="109" TopLine="4454"/>
      </Position12>
      <Position13>
        <Filename Value="unit1.pas"/>
        <Caret Line="4489" Column="109" TopLine="4459"/>
      </Position13>
      <Position14>
        <Filename Value="unit1.pas"/>
        <Caret Line="5288" Column="12" TopLine="5257"/>
      </Position14>
      <Position15>
        <Filename Value="unit1.pas"/>
        <Caret Line="5281" Column="1" TopLine="5259"/>
      </Position15>
      <Position16>
        <Filename Value="unit1.pas"/>
        <Caret Line="4573" Column="15" TopLine="4536"/>
      </Position16>
      <Position17>
        <Filename Value="unit1.pas"/>
        <Caret Line="4548" Column="24" TopLine="4540"/>
      </Position17>
      <Position18>
        <Filename Value="unit1.pas"/>
        <Caret Line="4557" Column="60" TopLine="4538"/>
      </Position18>
      <Position19>
        <Filename Value="unit1.pas"/>
        <Caret Line="4577" Column="45" TopLine="4559"/>
      </Position19>
      <Position20>
        <Filename Value="unit1.pas"/>
        <Caret Line="5127" Column="14" TopLine="5109"/>
      </Position20>
      <Position21>
        <Filename Value="unit1.pas"/>
        <Caret Line="7521" Column="1" TopLine="7490"/>
      </Position21>
      <Position22>
        <Filename Value="unit1.pas"/>
        <Caret Line="7515" Column="68" TopLine="7497"/>
      </Position22>
      <Position23>
        <Filename Value="unit1.pas"/>
        <Caret Line="7522" Column="72" TopLine="7502"/>
      </Position23>
      <Position24>
        <Filename Value="unit1.pas"/>
        <Caret Line="7534" Column="59" TopLine="7516"/>
      </Position24>
      <Position25>
        <Filename Value="unit1.pas"/>
        <Caret Line="7535" Column="68" TopLine="7517"/>
      </Position25>
      <Position26>
        <Filename Value="unit1.pas"/>
        <Caret Line="7540" Column="56" TopLine="7519"/>
      </Position26>
      <Position27>
        <Filename Value="unit1.pas"/>
        <Caret Line="7583" Column="62" TopLine="7556"/>
      </Position27>
      <Position28>
        <Filename Value="unit1.pas"/>
        <Caret Line="7591" Column="57" TopLine="7567"/>
      </Position28>
      <Position29>
        <Filename Value="unit1.pas"/>
        <Caret Line="371" Column="1" TopLine="353"/>
      </Position29>
      <Position30>
        <Filename Value="project1.lpr"/>
        <Caret Line="17" Column="1" TopLine="1"/>
      </Position30>
    </JumpHistory>
  </ProjectOptions>
  <CompilerOptions>
    <Version Value="11"/>
    <PathDelim Value="\"/>
    <Target>
      <Filename Value="jt65hf2"/>
    </Target>
    <SearchPaths>
      <IncludeFiles Value="$(ProjOutDir)"/>
      <UnitOutputDirectory Value="lib\$(TargetCPU)-$(TargetOS)"/>
    </SearchPaths>
    <CodeGeneration>
      <Checks>
        <IOChecks Value="True"/>
        <RangeChecks Value="True"/>
        <OverflowChecks Value="True"/>
      </Checks>
    </CodeGeneration>
    <Linking>
      <Debugging>
        <DebugInfoType Value="dsStabs"/>
      </Debugging>
      <Options>
        <Win32>
          <GraphicApplication Value="True"/>
        </Win32>
      </Options>
    </Linking>
    <Other>
      <CompilerMessages>
        <UseMsgFile Value="True"/>
      </CompilerMessages>
      <CompilerPath Value="$(CompPath)"/>
    </Other>
  </CompilerOptions>
  <Debugging>
    <BreakPoints Count="1">
      <Item1>
        <Kind Value="bpkSource"/>
        <WatchScope Value="wpsLocal"/>
        <WatchKind Value="wpkWrite"/>
        <Source Value="demodulate.pas"/>
        <Line Value="1267"/>
      </Item1>
    </BreakPoints>
    <Exceptions Count="5">
      <Item1>
        <Name Value="EAbort"/>
        <Enabled Value="False"/>
      </Item1>
      <Item2>
        <Name Value="ECodetoolError"/>
        <Enabled Value="False"/>
      </Item2>
      <Item3>
        <Name Value="EFOpenError"/>
        <Enabled Value="False"/>
      </Item3>
      <Item4>
        <Name Value="EStringListError"/>
      </Item4>
      <Item5>
        <Name Value="EInvalidArgument"/>
      </Item5>
    </Exceptions>
  </Debugging>
</CONFIG>
