<?xml version="1.0"?>
<CONFIG>
  <ProjectOptions>
    <Version Value="9"/>
    <PathDelim Value="\"/>
    <General>
      <MainUnit Value="0"/>
      <Title Value="HFWST"/>
      <UseAppBundle Value="False"/>
      <ResourceType Value="res"/>
      <Icon Value="0"/>
      <ActiveWindowIndexAtStart Value="0"/>
    </General>
    <i18n>
      <EnableI18N LFM="False"/>
    </i18n>
    <VersionInfo>
      <UseVersionInfo Value="True"/>
      <AutoIncrementBuild Value="True"/>
      <RevisionNr Value="1"/>
      <BuildNr Value="5"/>
      <StringTable ProductVersion=""/>
    </VersionInfo>
    <BuildModes Count="1" Active="Default">
      <Item1 Name="Default" Default="True"/>
    </BuildModes>
    <PublishOptions>
      <Version Value="2"/>
      <IncludeFileFilter Value="*.(pas|pp|inc|lfm|lpr|lrs|lpi|lpk|sh|xml)"/>
      <ExcludeFileFilter Value="*.(bak|ppu|o|so);*~;backup"/>
    </PublishOptions>
    <RunParams>
      <local>
        <FormatVersion Value="1"/>
      </local>
    </RunParams>
    <RequiredPackages Count="6">
      <Item1>
        <PackageName Value="laz_synapse"/>
      </Item1>
      <Item2>
        <PackageName Value="LazControls"/>
      </Item2>
      <Item3>
        <PackageName Value="FCL"/>
        <MinVersion Major="1" Valid="True"/>
      </Item3>
      <Item4>
        <PackageName Value="SQLDBLaz"/>
        <MinVersion Major="1" Release="1" Valid="True"/>
      </Item4>
      <Item5>
        <PackageName Value="TAChartLazarusPkg"/>
        <MinVersion Major="1" Valid="True"/>
      </Item5>
      <Item6>
        <PackageName Value="LCL"/>
      </Item6>
    </RequiredPackages>
    <Units Count="20">
      <Unit0>
        <Filename Value="project1.lpr"/>
        <IsPartOfProject Value="True"/>
        <UnitName Value="project1"/>
        <EditorIndex Value="10"/>
        <WindowIndex Value="0"/>
        <TopLine Value="1"/>
        <CursorPos X="1" Y="1"/>
        <UsageCount Value="200"/>
        <Loaded Value="True"/>
      </Unit0>
      <Unit1>
        <Filename Value="unit1.pas"/>
        <IsPartOfProject Value="True"/>
        <ComponentName Value="Form1"/>
        <HasResources Value="True"/>
        <ResourceBaseClass Value="Form"/>
        <UnitName Value="Unit1"/>
        <IsVisibleTab Value="True"/>
        <EditorIndex Value="0"/>
        <WindowIndex Value="0"/>
        <TopLine Value="5247"/>
        <CursorPos X="84" Y="5268"/>
        <UsageCount Value="200"/>
        <Bookmarks Count="8">
          <Item0 X="1" Y="4326" ID="6"/>
          <Item1 X="1" Y="376" ID="8"/>
          <Item2 X="1" Y="3503" ID="4"/>
          <Item3 X="1" Y="3647" ID="5"/>
          <Item4 X="11" Y="5223" ID="3"/>
          <Item5 X="1" Y="1399" ID="1"/>
          <Item6 X="42" Y="4584" ID="2"/>
          <Item7 X="6" Y="1574" ID="0"/>
        </Bookmarks>
        <Loaded Value="True"/>
        <LoadedDesigner Value="True"/>
      </Unit1>
      <Unit2>
        <Filename Value="adc.pas"/>
        <IsPartOfProject Value="True"/>
        <UnitName Value="adc"/>
        <EditorIndex Value="13"/>
        <WindowIndex Value="0"/>
        <TopLine Value="114"/>
        <CursorPos X="1" Y="121"/>
        <UsageCount Value="200"/>
        <Loaded Value="True"/>
      </Unit2>
      <Unit3>
        <Filename Value="dac.pas"/>
        <IsPartOfProject Value="True"/>
        <UnitName Value="dac"/>
        <WindowIndex Value="0"/>
        <TopLine Value="1"/>
        <CursorPos X="1" Y="1"/>
        <UsageCount Value="200"/>
      </Unit3>
      <Unit4>
        <Filename Value="portaudio.pas"/>
        <IsPartOfProject Value="True"/>
        <UnitName Value="portaudio"/>
        <EditorIndex Value="8"/>
        <WindowIndex Value="0"/>
        <TopLine Value="1"/>
        <CursorPos X="1" Y="1"/>
        <UsageCount Value="200"/>
        <Loaded Value="True"/>
      </Unit4>
      <Unit5>
        <Filename Value="globaldata.pas"/>
        <IsPartOfProject Value="True"/>
        <UnitName Value="globalData"/>
        <EditorIndex Value="9"/>
        <WindowIndex Value="0"/>
        <TopLine Value="1"/>
        <CursorPos X="1" Y="1"/>
        <UsageCount Value="200"/>
        <Loaded Value="True"/>
      </Unit5>
      <Unit6>
        <Filename Value="waterfall.pas"/>
        <UnitName Value="waterfall1"/>
        <WindowIndex Value="0"/>
        <TopLine Value="1"/>
        <CursorPos X="31" Y="49"/>
        <UsageCount Value="36"/>
      </Unit6>
      <Unit7>
        <Filename Value="spectrum.pas"/>
        <IsPartOfProject Value="True"/>
        <UnitName Value="spectrum"/>
        <EditorIndex Value="11"/>
        <WindowIndex Value="0"/>
        <TopLine Value="424"/>
        <CursorPos X="1" Y="440"/>
        <UsageCount Value="200"/>
        <Bookmarks Count="1">
          <Item0 X="19" Y="513" ID="9"/>
        </Bookmarks>
        <Loaded Value="True"/>
      </Unit7>
      <Unit8>
        <Filename Value="cmaps.pas"/>
        <IsPartOfProject Value="True"/>
        <UnitName Value="cmaps"/>
        <EditorIndex Value="7"/>
        <WindowIndex Value="0"/>
        <TopLine Value="1"/>
        <CursorPos X="1" Y="1"/>
        <UsageCount Value="200"/>
        <Loaded Value="True"/>
      </Unit8>
      <Unit9>
        <Filename Value="fftw_jl.pas"/>
        <IsPartOfProject Value="True"/>
        <UnitName Value="fftw_jl"/>
        <EditorIndex Value="6"/>
        <WindowIndex Value="0"/>
        <TopLine Value="1"/>
        <CursorPos X="1" Y="1"/>
        <UsageCount Value="200"/>
        <Loaded Value="True"/>
      </Unit9>
      <Unit10>
        <Filename Value="spot.pas"/>
        <IsPartOfProject Value="True"/>
        <UnitName Value="spot"/>
        <EditorIndex Value="5"/>
        <WindowIndex Value="0"/>
        <TopLine Value="1"/>
        <CursorPos X="1" Y="1"/>
        <UsageCount Value="201"/>
        <Loaded Value="True"/>
      </Unit10>
      <Unit11>
        <Filename Value="demodulate.pas"/>
        <IsPartOfProject Value="True"/>
        <UnitName Value="demodulate"/>
        <EditorIndex Value="12"/>
        <WindowIndex Value="0"/>
        <TopLine Value="1593"/>
        <CursorPos X="28" Y="1623"/>
        <UsageCount Value="252"/>
        <Loaded Value="True"/>
      </Unit11>
      <Unit12>
        <Filename Value="valobject.pas"/>
        <IsPartOfProject Value="True"/>
        <UnitName Value="valobject"/>
        <EditorIndex Value="4"/>
        <WindowIndex Value="0"/>
        <TopLine Value="180"/>
        <CursorPos X="1" Y="252"/>
        <UsageCount Value="201"/>
        <Loaded Value="True"/>
      </Unit12>
      <Unit13>
        <Filename Value="waterfall1.pas"/>
        <IsPartOfProject Value="True"/>
        <UnitName Value="waterfall1"/>
        <EditorIndex Value="3"/>
        <WindowIndex Value="0"/>
        <TopLine Value="1"/>
        <CursorPos X="1" Y="1"/>
        <UsageCount Value="201"/>
        <Loaded Value="True"/>
      </Unit13>
      <Unit14>
        <Filename Value="C:\lazarus\lcl\dbctrls.pp"/>
        <UnitName Value="DbCtrls"/>
        <WindowIndex Value="0"/>
        <TopLine Value="241"/>
        <CursorPos X="3" Y="259"/>
        <UsageCount Value="8"/>
      </Unit14>
      <Unit15>
        <Filename Value="C:\lazarus\fpc\2.6.2\source\rtl\inc\systemh.inc"/>
        <WindowIndex Value="0"/>
        <TopLine Value="896"/>
        <CursorPos X="11" Y="914"/>
        <UsageCount Value="17"/>
      </Unit15>
      <Unit16>
        <Filename Value="C:\lazarus\fpc\2.6.2\source\rtl\objpas\sysutils\osutilsh.inc"/>
        <WindowIndex Value="0"/>
        <TopLine Value="5"/>
        <CursorPos X="10" Y="33"/>
        <UsageCount Value="8"/>
      </Unit16>
      <Unit17>
        <Filename Value="..\..\..\Desktop\synalist-code-185-trunk\synaser.pas"/>
        <UnitName Value="synaser"/>
        <WindowIndex Value="0"/>
        <TopLine Value="201"/>
        <CursorPos X="10" Y="227"/>
        <UsageCount Value="4"/>
      </Unit17>
      <Unit18>
        <Filename Value="C:\lazarus\fpc\2.6.2\source\rtl\objpas\classes\classesh.inc"/>
        <EditorIndex Value="1"/>
        <WindowIndex Value="0"/>
        <TopLine Value="744"/>
        <CursorPos X="14" Y="761"/>
        <UsageCount Value="55"/>
        <Loaded Value="True"/>
      </Unit18>
      <Unit19>
        <Filename Value="synaser.pas"/>
        <UnitName Value="synaser"/>
        <EditorIndex Value="2"/>
        <WindowIndex Value="0"/>
        <TopLine Value="94"/>
        <CursorPos X="1" Y="131"/>
        <UsageCount Value="54"/>
        <Loaded Value="True"/>
      </Unit19>
    </Units>
    <JumpHistory Count="30" HistoryIndex="29">
      <Position1>
        <Filename Value="unit1.pas"/>
        <Caret Line="1607" Column="1" TopLine="1577"/>
      </Position1>
      <Position2>
        <Filename Value="valobject.pas"/>
        <Caret Line="252" Column="1" TopLine="180"/>
      </Position2>
      <Position3>
        <Filename Value="unit1.pas"/>
        <Caret Line="1570" Column="1" TopLine="1557"/>
      </Position3>
      <Position4>
        <Filename Value="unit1.pas"/>
        <Caret Line="1425" Column="1" TopLine="1401"/>
      </Position4>
      <Position5>
        <Filename Value="unit1.pas"/>
        <Caret Line="3588" Column="6" TopLine="3561"/>
      </Position5>
      <Position6>
        <Filename Value="unit1.pas"/>
        <Caret Line="8356" Column="1" TopLine="8647"/>
      </Position6>
      <Position7>
        <Filename Value="unit1.pas"/>
        <Caret Line="5247" Column="1" TopLine="5231"/>
      </Position7>
      <Position8>
        <Filename Value="unit1.pas"/>
        <Caret Line="5248" Column="11" TopLine="5231"/>
      </Position8>
      <Position9>
        <Filename Value="unit1.pas"/>
        <Caret Line="5260" Column="16" TopLine="5231"/>
      </Position9>
      <Position10>
        <Filename Value="unit1.pas"/>
        <Caret Line="5274" Column="16" TopLine="5244"/>
      </Position10>
      <Position11>
        <Filename Value="unit1.pas"/>
        <Caret Line="5276" Column="14" TopLine="5246"/>
      </Position11>
      <Position12>
        <Filename Value="unit1.pas"/>
        <Caret Line="5274" Column="11" TopLine="5246"/>
      </Position12>
      <Position13>
        <Filename Value="unit1.pas"/>
        <Caret Line="5260" Column="11" TopLine="5246"/>
      </Position13>
      <Position14>
        <Filename Value="unit1.pas"/>
        <Caret Line="5248" Column="6" TopLine="5241"/>
      </Position14>
      <Position15>
        <Filename Value="unit1.pas"/>
        <Caret Line="1595" Column="61" TopLine="1577"/>
      </Position15>
      <Position16>
        <Filename Value="unit1.pas"/>
        <Caret Line="1581" Column="13" TopLine="1574"/>
      </Position16>
      <Position17>
        <Filename Value="unit1.pas"/>
        <Caret Line="1575" Column="9" TopLine="1568"/>
      </Position17>
      <Position18>
        <Filename Value="unit1.pas"/>
        <Caret Line="1574" Column="11" TopLine="1560"/>
      </Position18>
      <Position19>
        <Filename Value="unit1.pas"/>
        <Caret Line="1575" Column="14" TopLine="1560"/>
      </Position19>
      <Position20>
        <Filename Value="unit1.pas"/>
        <Caret Line="1581" Column="18" TopLine="1560"/>
      </Position20>
      <Position21>
        <Filename Value="unit1.pas"/>
        <Caret Line="1595" Column="66" TopLine="1565"/>
      </Position21>
      <Position22>
        <Filename Value="unit1.pas"/>
        <Caret Line="5248" Column="11" TopLine="5217"/>
      </Position22>
      <Position23>
        <Filename Value="unit1.pas"/>
        <Caret Line="5260" Column="16" TopLine="5229"/>
      </Position23>
      <Position24>
        <Filename Value="unit1.pas"/>
        <Caret Line="5247" Column="1" TopLine="5236"/>
      </Position24>
      <Position25>
        <Filename Value="unit1.pas"/>
        <Caret Line="1595" Column="61" TopLine="1577"/>
      </Position25>
      <Position26>
        <Filename Value="unit1.pas"/>
        <Caret Line="1581" Column="13" TopLine="1574"/>
      </Position26>
      <Position27>
        <Filename Value="unit1.pas"/>
        <Caret Line="1575" Column="14" TopLine="1553"/>
      </Position27>
      <Position28>
        <Filename Value="unit1.pas"/>
        <Caret Line="1581" Column="18" TopLine="1553"/>
      </Position28>
      <Position29>
        <Filename Value="unit1.pas"/>
        <Caret Line="1595" Column="66" TopLine="1565"/>
      </Position29>
      <Position30>
        <Filename Value="unit1.pas"/>
        <Caret Line="5271" Column="21" TopLine="5247"/>
      </Position30>
    </JumpHistory>
  </ProjectOptions>
  <CompilerOptions>
    <Version Value="11"/>
    <PathDelim Value="\"/>
    <Target>
      <Filename Value="hfwst"/>
    </Target>
    <SearchPaths>
      <IncludeFiles Value="$(ProjOutDir)"/>
      <UnitOutputDirectory Value="lib\$(TargetCPU)-$(TargetOS)"/>
    </SearchPaths>
    <CodeGeneration>
      <Checks>
        <IOChecks Value="True"/>
        <RangeChecks Value="True"/>
        <OverflowChecks Value="True"/>
      </Checks>
    </CodeGeneration>
    <Linking>
      <Debugging>
        <DebugInfoType Value="dsStabs"/>
      </Debugging>
      <Options>
        <Win32>
          <GraphicApplication Value="True"/>
        </Win32>
      </Options>
    </Linking>
    <Other>
      <CompilerMessages>
        <UseMsgFile Value="True"/>
      </CompilerMessages>
      <CompilerPath Value="$(CompPath)"/>
    </Other>
  </CompilerOptions>
  <Debugging>
    <BreakPoints Count="2">
      <Item1>
        <Kind Value="bpkSource"/>
        <WatchScope Value="wpsLocal"/>
        <WatchKind Value="wpkWrite"/>
        <Source Value="adc.pas"/>
        <Line Value="216"/>
      </Item1>
      <Item2>
        <Kind Value="bpkSource"/>
        <WatchScope Value="wpsLocal"/>
        <WatchKind Value="wpkWrite"/>
        <Source Value="unit1.pas"/>
        <Line Value="4530"/>
      </Item2>
    </BreakPoints>
    <Exceptions Count="5">
      <Item1>
        <Name Value="EAbort"/>
        <Enabled Value="False"/>
      </Item1>
      <Item2>
        <Name Value="ECodetoolError"/>
        <Enabled Value="False"/>
      </Item2>
      <Item3>
        <Name Value="EFOpenError"/>
        <Enabled Value="False"/>
      </Item3>
      <Item4>
        <Name Value="EStringListError"/>
      </Item4>
      <Item5>
        <Name Value="EInvalidArgument"/>
      </Item5>
    </Exceptions>
  </Debugging>
</CONFIG>
